{
  "name": "website",
  "version": "1.0.0",
  "lockfileVersion": 2,
  "requires": true,
  "packages": {
    "": {
      "version": "1.0.0",
      "license": "MIT",
      "dependencies": {
        "postprocessing": "^6.22.2",
        "three": "^0.130.1"
      }
    },
    "node_modules/postprocessing": {
      "version": "6.22.2",
      "resolved": "https://registry.npmjs.org/postprocessing/-/postprocessing-6.22.2.tgz",
      "integrity": "sha512-HaZqJuRvSyxm6OfvAbNjs1MVMnqd9URxWrWPOTaxqINTXCym1f/UPbozayvH9Fqpb6b6sMmpqgqkGcYBYFo5iw==",
      "peerDependencies": {
        "three": ">= 0.102.0 < 0.131.0"
      }
    },
    "node_modules/three": {
      "version": "0.130.1",
      "resolved": "https://registry.npmjs.org/three/-/three-0.130.1.tgz",
      "integrity": "sha512-OSPPKcGvFSiGkG3jFrwwC76PBV/ZSrGxpBbg28bW8s9GU8r/y2spNGtEXHEb/CVqo0Ctf5Lx2rVaxQZB6OasaA=="
    }
  },
  "dependencies": {
    "postprocessing": {
      "version": "6.22.2",
      "resolved": "https://registry.npmjs.org/postprocessing/-/postprocessing-6.22.2.tgz",
      "integrity": "sha512-HaZqJuRvSyxm6OfvAbNjs1MVMnqd9URxWrWPOTaxqINTXCym1f/UPbozayvH9Fqpb6b6sMmpqgqkGcYBYFo5iw==",
      "requires": {}
    },
    "three": {
      "version": "0.130.1",
      "resolved": "https://registry.npmjs.org/three/-/three-0.130.1.tgz",
      "integrity": "sha512-OSPPKcGvFSiGkG3jFrwwC76PBV/ZSrGxpBbg28bW8s9GU8r/y2spNGtEXHEb/CVqo0Ctf5Lx2rVaxQZB6OasaA=="
    }
  }
}
