{
  "name": "website",
  "version": "1.0.0",
  "lockfileVersion": 2,
  "requires": true,
  "packages": {
    "": {
      "version": "1.0.0",
      "license": "MIT",
      "dependencies": {
        "three": "^0.131.0"
      }
    },
    "node_modules/three": {
      "version": "0.131.0",
      "resolved": "https://registry.npmjs.org/three/-/three-0.131.0.tgz",
      "integrity": "sha512-s05qedtr8qDG7L7MiUpFNboGWSd2xzKeSRd5iQEOjun5DD5ptRQlNsA6wKTbVCdOGbQuUH4kVXerTeznDlBjkw=="
    }
  },
  "dependencies": {
    "three": {
      "version": "0.131.0",
      "resolved": "https://registry.npmjs.org/three/-/three-0.131.0.tgz",
      "integrity": "sha512-s05qedtr8qDG7L7MiUpFNboGWSd2xzKeSRd5iQEOjun5DD5ptRQlNsA6wKTbVCdOGbQuUH4kVXerTeznDlBjkw=="
    }
  }
}
